
Microsoft Visual Studio Solution File, Format Version 12.00
Project("{FAE04EC0-301F-11D3-BF4B-00C04F79EFBC}") = "Ex02", "Ex02\Ex02.csproj", "{53F8BAB7-97A2-49B5-8BCC-30C28E02D004}"
EndProject
Global
	GlobalSection(SolutionConfigurationPlatforms) = preSolution
		Debug|Any CPU = Debug|Any CPU
		Release|Any CPU = Release|Any CPU
	EndGlobalSection
	GlobalSection(ProjectConfigurationPlatforms) = postSolution
		{53F8BAB7-97A2-49B5-8BCC-30C28E02D004}.Debug|Any CPU.ActiveCfg = Debug|Any CPU
		{53F8BAB7-97A2-49B5-8BCC-30C28E02D004}.Debug|Any CPU.Build.0 = Debug|Any CPU
		{53F8BAB7-97A2-49B5-8BCC-30C28E02D004}.Release|Any CPU.ActiveCfg = Release|Any CPU
		{53F8BAB7-97A2-49B5-8BCC-30C28E02D004}.Release|Any CPU.Build.0 = Release|Any CPU
	EndGlobalSection
EndGlobal
